<?xml version="1.0" encoding="utf-8"?>
<Project ToolsVersion="4.0" xmlns="http://schemas.microsoft.com/developer/msbuild/2003">
  <ItemGroup>
    <Filter Include="Source">
      <UniqueIdentifier>{857aebd1-3860-48ff-b453-8d87135dda88}</UniqueIdentifier>
    </Filter>
  </ItemGroup>
  <ItemGroup>
    <ClCompile Include="ZipPlugin.cpp">
      <Filter>Source</Filter>
    </ClCompile>
  </ItemGroup>
</Project>